
Microsoft Visual Studio Solution File, Format Version 12.00
# Visual Studio Version 17
VisualStudioVersion = 17.12.35309.182
MinimumVisualStudioVersion = 10.0.40219.1
Project("{FAE04EC0-301F-11D3-BF4B-00C04F79EFBC}") = "MiniKubeApi8", "MiniKubeApi8.csproj", "{EA4B11BA-3648-42A6-89C9-2F9B33510530}"
EndProject
Global
	GlobalSection(SolutionConfigurationPlatforms) = preSolution
		Debug|Any CPU = Debug|Any CPU
		Release|Any CPU = Release|Any CPU
	EndGlobalSection
	GlobalSection(ProjectConfigurationPlatforms) = postSolution
		{EA4B11BA-3648-42A6-89C9-2F9B33510530}.Debug|Any CPU.ActiveCfg = Debug|Any CPU
		{EA4B11BA-3648-42A6-89C9-2F9B33510530}.Debug|Any CPU.Build.0 = Debug|Any CPU
		{EA4B11BA-3648-42A6-89C9-2F9B33510530}.Release|Any CPU.ActiveCfg = Release|Any CPU
		{EA4B11BA-3648-42A6-89C9-2F9B33510530}.Release|Any CPU.Build.0 = Release|Any CPU
	EndGlobalSection
	GlobalSection(SolutionProperties) = preSolution
		HideSolutionNode = FALSE
	EndGlobalSection
	GlobalSection(ExtensibilityGlobals) = postSolution
		SolutionGuid = {574E9279-4C2C-49A2-954A-E965988F2824}
	EndGlobalSection
EndGlobal
